{
  "name": "@golevelup/nestjs-webhooks",
  "version": "0.2.6",
  "lockfileVersion": 1,
  "requires": true,
  "dependencies": {
    "@golevelup/nestjs-common": {
      "version": "1.4.2",
      "resolved": "https://registry.npmjs.org/@golevelup/nestjs-common/-/nestjs-common-1.4.2.tgz",
      "integrity": "sha512-mdXppMelEYO+HTilg4W8h8Bt4u1s9qvOip2dygRMxY3O1/JK6GPpPgJ99CiuAT+xxFG9igeN8lfpAnO0+mJXxA==",
      "requires": {
        "shortid": "^2.2.14"
      }
    },
    "@golevelup/nestjs-modules": {
      "version": "0.4.1",
      "resolved": "https://registry.npmjs.org/@golevelup/nestjs-modules/-/nestjs-modules-0.4.1.tgz",
      "integrity": "sha512-v2GYGtJ8moTfhehavNFBwnHQ+QcgYHssxfqbJZcY4CUqB97E2sWmnAmtgscHDTvHqABOCaq2xvwfw4YTwZU2Ug==",
      "requires": {
        "shortid": "^2.2.14"
      }
    },
    "nanoid": {
      "version": "2.1.11",
      "resolved": "https://registry.npmjs.org/nanoid/-/nanoid-2.1.11.tgz",
      "integrity": "sha512-s/snB+WGm6uwi0WjsZdaVcuf3KJXlfGl2LcxgwkEwJF0D/BWzVWAZW/XY4bFaiR7s0Jk3FPvlnepg1H1b1UwlA=="
    },
    "shortid": {
      "version": "2.2.16",
      "resolved": "https://registry.npmjs.org/shortid/-/shortid-2.2.16.tgz",
      "integrity": "sha512-Ugt+GIZqvGXCIItnsL+lvFJOiN7RYqlGy7QE41O3YC1xbNSeDGIRO7xg2JJXIAj1cAGnOeC1r7/T9pgrtQbv4g==",
      "requires": {
        "nanoid": "^2.1.0"
      }
    }
  }
}
