{
  "name": "@golevelup/nestjs-hasura",
  "version": "3.0.3",
  "lockfileVersion": 1,
  "requires": true,
  "dependencies": {
    "@golevelup/nestjs-common": {
      "version": "1.4.3",
      "resolved": "https://registry.npmjs.org/@golevelup/nestjs-common/-/nestjs-common-1.4.3.tgz",
      "integrity": "sha512-ArEC1esJZWZZhEqV6KgzPflZgnVOsdswJTykwgLpX+QgIhSFmGx5W+veetf2Aky3hM5p6liTNYlBR6rvVJ/zsA==",
      "requires": {
        "nanoid": "^3.2.0"
      }
    },
    "@golevelup/nestjs-discovery": {
      "version": "3.0.0",
      "resolved": "https://registry.npmjs.org/@golevelup/nestjs-discovery/-/nestjs-discovery-3.0.0.tgz",
      "integrity": "sha512-ZvkXtobTKxXB1LJanP/l6Z/Fing88IMBr3uabQpU2IWjfsstjh02qYDSU2cfD6CSmNldX5ewW5Pd+SdK2lU8Sw==",
      "requires": {
        "lodash": "^4.17.15"
      }
    },
    "@golevelup/nestjs-modules": {
      "version": "0.5.0",
      "resolved": "https://registry.npmjs.org/@golevelup/nestjs-modules/-/nestjs-modules-0.5.0.tgz",
      "integrity": "sha512-6ZGjPtm0KwJ7Txa3Z14IzILi7pfvGrLZHv/q9/4tt7T5ngcCe71wJp32TG0/b3UkJX3/LEm4AtYjcfwiIrfSlg==",
      "requires": {
        "lodash": "^4.17.21"
      }
    },
    "@hasura/metadata": {
      "version": "1.0.2",
      "resolved": "https://registry.npmjs.org/@hasura/metadata/-/metadata-1.0.2.tgz",
      "integrity": "sha512-bVDwRWC7g/NfLVUwP8HBV07+37g07UAbF+XEujfRmgr8839sH7Q2iwa2M8oQFQXwg4dj5Sn+WRt4/UWXKN7naQ=="
    },
    "@types/js-yaml": {
      "version": "3.12.7",
      "resolved": "https://registry.npmjs.org/@types/js-yaml/-/js-yaml-3.12.7.tgz",
      "integrity": "sha512-S6+8JAYTE1qdsc9HMVsfY7+SgSuUU/Tp6TYTmITW0PZxiyIMvol3Gy//y69Wkhs0ti4py5qgR3uZH6uz/DNzJQ==",
      "dev": true
    },
    "argparse": {
      "version": "2.0.1",
      "resolved": "https://registry.npmjs.org/argparse/-/argparse-2.0.1.tgz",
      "integrity": "sha512-8+9WqebbFzpX9OR+Wa6O29asIogeRMzcGtAINdpMHHyAg10f05aSFVBbcEqGf/PXw1EjAZ+q2/bEBg3DvurK3Q=="
    },
    "js-yaml": {
      "version": "4.1.0",
      "resolved": "https://registry.npmjs.org/js-yaml/-/js-yaml-4.1.0.tgz",
      "integrity": "sha512-wpxZs9NoxZaJESJGIZTyDEaYpl0FKSA+FB9aJiyemKhMwkxQg63h4T1KJgUGHpTqPDNRcmmYLugrRjJlBtWvRA==",
      "requires": {
        "argparse": "^2.0.1"
      }
    },
    "lodash": {
      "version": "4.17.21",
      "resolved": "https://registry.npmjs.org/lodash/-/lodash-4.17.21.tgz",
      "integrity": "sha512-v2kDEe57lecTulaDIuNTPy3Ry4gLGJ6Z1O3vE1krgXZNrsQ+LFTGHVxVjcXPs17LhbZVGedAJv8XZ1tvj5FvSg=="
    },
    "nanoid": {
      "version": "3.2.0",
      "resolved": "https://registry.npmjs.org/nanoid/-/nanoid-3.2.0.tgz",
      "integrity": "sha512-fmsZYa9lpn69Ad5eDn7FMcnnSR+8R34W9qJEijxYhTbfOWzr22n1QxCMzXLK+ODyW2973V3Fux959iQoUxzUIA=="
    },
    "ts-toolbelt": {
      "version": "9.6.0",
      "resolved": "https://registry.npmjs.org/ts-toolbelt/-/ts-toolbelt-9.6.0.tgz",
      "integrity": "sha512-nsZd8ZeNUzukXPlJmTBwUAuABDe/9qtVDelJeT/qW0ow3ZS3BsQJtNkan1802aM9Uf68/Y8ljw86Hu0h5IUW3w==",
      "dev": true
    },
    "zod": {
      "version": "3.11.6",
      "resolved": "https://registry.npmjs.org/zod/-/zod-3.11.6.tgz",
      "integrity": "sha512-daZ80A81I3/9lIydI44motWe6n59kRBfNzTuS2bfzVh1nAXi667TOTWWtatxyG+fwgNUiagSj/CWZwRRbevJIg=="
    }
  }
}
