{
	"name": "@golevelup/nestjs-common",
	"version": "1.4.4",
	"lockfileVersion": 1,
	"requires": true,
	"dependencies": {
		"nanoid": {
			"version": "3.2.0",
			"resolved": "https://registry.npmjs.org/nanoid/-/nanoid-3.2.0.tgz",
			"integrity": "sha512-fmsZYa9lpn69Ad5eDn7FMcnnSR+8R34W9qJEijxYhTbfOWzr22n1QxCMzXLK+ODyW2973V3Fux959iQoUxzUIA=="
		}
	}
}
