{
	"name": "@golevelup/nestjs-common",
	"version": "1.4.2",
	"lockfileVersion": 1,
	"requires": true,
	"dependencies": {
		"@types/shortid": {
			"version": "0.0.29",
			"resolved": "https://registry.npmjs.org/@types/shortid/-/shortid-0.0.29.tgz",
			"integrity": "sha1-gJPuBBam4r8qpjOBCRFLP7/6Dps=",
			"dev": true
		},
		"nanoid": {
			"version": "2.1.11",
			"resolved": "https://registry.npmjs.org/nanoid/-/nanoid-2.1.11.tgz",
			"integrity": "sha512-s/snB+WGm6uwi0WjsZdaVcuf3KJXlfGl2LcxgwkEwJF0D/BWzVWAZW/XY4bFaiR7s0Jk3FPvlnepg1H1b1UwlA=="
		},
		"shortid": {
			"version": "2.2.16",
			"resolved": "https://registry.npmjs.org/shortid/-/shortid-2.2.16.tgz",
			"integrity": "sha512-Ugt+GIZqvGXCIItnsL+lvFJOiN7RYqlGy7QE41O3YC1xbNSeDGIRO7xg2JJXIAj1cAGnOeC1r7/T9pgrtQbv4g==",
			"requires": {
				"nanoid": "^2.1.0"
			}
		}
	}
}
