{
  "name": "@golevelup/nestjs-discovery",
  "version": "6.1.2",
  "lockfileVersion": 3,
  "requires": true,
  "packages": {
    "": {
      "name": "@golevelup/nestjs-discovery",
      "version": "6.1.2",
      "license": "MIT",
      "dependencies": {
        "lodash": "^4.17.21"
      },
      "peerDependencies": {
        "@nestjs/common": "^11.1.12",
        "@nestjs/core": "^11.1.12"
      }
    },
    "node_modules/lodash": {
      "version": "4.17.23",
      "resolved": "https://registry.npmjs.org/lodash/-/lodash-4.17.23.tgz",
      "integrity": "sha512-LgVTMpQtIopCi79SJeDiP0TfWi5CNEc/L/aRdTh3yIvmZXTnheWpKjSZhnvMl8iXbC1tFg9gdHHDMLoV7CnG+w==",
      "license": "MIT"
    }
  }
}
