{
  "name": "@golevelup/nestjs-stripe",
  "version": "0.5.0",
  "lockfileVersion": 1,
  "requires": true,
  "dependencies": {
    "@golevelup/nestjs-common": {
      "version": "1.4.3",
      "resolved": "https://registry.npmjs.org/@golevelup/nestjs-common/-/nestjs-common-1.4.3.tgz",
      "integrity": "sha512-ArEC1esJZWZZhEqV6KgzPflZgnVOsdswJTykwgLpX+QgIhSFmGx5W+veetf2Aky3hM5p6liTNYlBR6rvVJ/zsA==",
      "requires": {
        "nanoid": "^3.2.0"
      }
    },
    "@golevelup/nestjs-discovery": {
      "version": "3.0.0",
      "resolved": "https://registry.npmjs.org/@golevelup/nestjs-discovery/-/nestjs-discovery-3.0.0.tgz",
      "integrity": "sha512-ZvkXtobTKxXB1LJanP/l6Z/Fing88IMBr3uabQpU2IWjfsstjh02qYDSU2cfD6CSmNldX5ewW5Pd+SdK2lU8Sw==",
      "requires": {
        "lodash": "^4.17.15"
      }
    },
    "@golevelup/nestjs-modules": {
      "version": "0.5.0",
      "resolved": "https://registry.npmjs.org/@golevelup/nestjs-modules/-/nestjs-modules-0.5.0.tgz",
      "integrity": "sha512-6ZGjPtm0KwJ7Txa3Z14IzILi7pfvGrLZHv/q9/4tt7T5ngcCe71wJp32TG0/b3UkJX3/LEm4AtYjcfwiIrfSlg==",
      "requires": {
        "lodash": "^4.17.21"
      }
    },
    "lodash": {
      "version": "4.17.21",
      "resolved": "https://registry.npmjs.org/lodash/-/lodash-4.17.21.tgz",
      "integrity": "sha512-v2kDEe57lecTulaDIuNTPy3Ry4gLGJ6Z1O3vE1krgXZNrsQ+LFTGHVxVjcXPs17LhbZVGedAJv8XZ1tvj5FvSg=="
    },
    "nanoid": {
      "version": "3.2.0",
      "resolved": "https://registry.npmjs.org/nanoid/-/nanoid-3.2.0.tgz",
      "integrity": "sha512-fmsZYa9lpn69Ad5eDn7FMcnnSR+8R34W9qJEijxYhTbfOWzr22n1QxCMzXLK+ODyW2973V3Fux959iQoUxzUIA=="
    }
  }
}
